
Microsoft Visual Studio Solution File, Format Version 12.00
# Visual Studio 14
VisualStudioVersion = 14.0.23107.0
MinimumVisualStudioVersion = 10.0.40219.1
Project("{FAE04EC0-301F-11D3-BF4B-00C04F79EFBC}") = "Logic Simulator-UI", "Logic Simulator\Logic Simulator-UI.csproj", "{45A335CD-9E08-4F99-AFB4-84F240CA0107}"
EndProject
Project("{FAE04EC0-301F-11D3-BF4B-00C04F79EFBC}") = "Logic Simulator-BusinessLogic", "Logic Simulator-BusinessLogic\Logic Simulator-BusinessLogic.csproj", "{A5E845BE-FD31-405B-A95D-FAAC66D0073F}"
EndProject
Global
	GlobalSection(SolutionConfigurationPlatforms) = preSolution
		Debug|Any CPU = Debug|Any CPU
		Release|Any CPU = Release|Any CPU
	EndGlobalSection
	GlobalSection(ProjectConfigurationPlatforms) = postSolution
		{45A335CD-9E08-4F99-AFB4-84F240CA0107}.Debug|Any CPU.ActiveCfg = Debug|Any CPU
		{45A335CD-9E08-4F99-AFB4-84F240CA0107}.Debug|Any CPU.Build.0 = Debug|Any CPU
		{45A335CD-9E08-4F99-AFB4-84F240CA0107}.Release|Any CPU.ActiveCfg = Release|Any CPU
		{45A335CD-9E08-4F99-AFB4-84F240CA0107}.Release|Any CPU.Build.0 = Release|Any CPU
		{A5E845BE-FD31-405B-A95D-FAAC66D0073F}.Debug|Any CPU.ActiveCfg = Debug|Any CPU
		{A5E845BE-FD31-405B-A95D-FAAC66D0073F}.Debug|Any CPU.Build.0 = Debug|Any CPU
		{A5E845BE-FD31-405B-A95D-FAAC66D0073F}.Release|Any CPU.ActiveCfg = Release|Any CPU
		{A5E845BE-FD31-405B-A95D-FAAC66D0073F}.Release|Any CPU.Build.0 = Release|Any CPU
	EndGlobalSection
	GlobalSection(SolutionProperties) = preSolution
		HideSolutionNode = FALSE
	EndGlobalSection
EndGlobal
